{
  "name": "rpgmania.github.io",
  "lockfileVersion": 3,
  "requires": true,
  "packages": {
    "": {
      "dependencies": {
        "posthog-js": "^1.117.0"
      }
    },
    "node_modules/fflate": {
      "version": "0.4.8",
      "resolved": "https://registry.npmjs.org/fflate/-/fflate-0.4.8.tgz",
      "integrity": "sha512-FJqqoDBR00Mdj9ppamLa/Y7vxm+PRmNWA67N846RvsoYVMKB4q3y/de5PA7gUmRMYK/8CMz2GDZQmCRN1wBcWA=="
    },
    "node_modules/posthog-js": {
      "version": "1.117.0",
      "resolved": "https://registry.npmjs.org/posthog-js/-/posthog-js-1.117.0.tgz",
      "integrity": "sha512-+I8q5G9YG6r6wOLKPT+C+AV7MRhyVFJMTJS7dfwLmmT+mkVxQ5bfC59hBkJUObOR+YRn5jn2JT/sgIslU94EZg==",
      "dependencies": {
        "fflate": "^0.4.8",
        "preact": "^10.19.3"
      }
    },
    "node_modules/preact": {
      "version": "10.20.1",
      "resolved": "https://registry.npmjs.org/preact/-/preact-10.20.1.tgz",
      "integrity": "sha512-JIFjgFg9B2qnOoGiYMVBtrcFxHqn+dNXbq76bVmcaHYJFYR4lW67AOcXgAYQQTDYXDOg/kTZrKPNCdRgJ2UJmw==",
      "funding": {
        "type": "opencollective",
        "url": "https://opencollective.com/preact"
      }
    }
  }
}
